
Microsoft Visual Studio Solution File, Format Version 12.00
# Visual Studio Version 16
VisualStudioVersion = 16.0.29613.14
MinimumVisualStudioVersion = 10.0.40219.1
Project("{FAE04EC0-301F-11D3-BF4B-00C04F79EFBC}") = "RotateMatrix", "RotateMatrix\RotateMatrix.csproj", "{80890824-9496-4BD2-B0E7-A62E9C851082}"
EndProject
Project("{FAE04EC0-301F-11D3-BF4B-00C04F79EFBC}") = "RotateMatrix.Tests", "RotateMatrix.Tests\RotateMatrix.Tests.csproj", "{AE89457E-1702-429C-ACE2-1F3BB9851A5C}"
EndProject
Global
	GlobalSection(SolutionConfigurationPlatforms) = preSolution
		Debug|Any CPU = Debug|Any CPU
		Release|Any CPU = Release|Any CPU
	EndGlobalSection
	GlobalSection(ProjectConfigurationPlatforms) = postSolution
		{80890824-9496-4BD2-B0E7-A62E9C851082}.Debug|Any CPU.ActiveCfg = Debug|Any CPU
		{80890824-9496-4BD2-B0E7-A62E9C851082}.Debug|Any CPU.Build.0 = Debug|Any CPU
		{80890824-9496-4BD2-B0E7-A62E9C851082}.Release|Any CPU.ActiveCfg = Release|Any CPU
		{80890824-9496-4BD2-B0E7-A62E9C851082}.Release|Any CPU.Build.0 = Release|Any CPU
		{AE89457E-1702-429C-ACE2-1F3BB9851A5C}.Debug|Any CPU.ActiveCfg = Debug|Any CPU
		{AE89457E-1702-429C-ACE2-1F3BB9851A5C}.Debug|Any CPU.Build.0 = Debug|Any CPU
		{AE89457E-1702-429C-ACE2-1F3BB9851A5C}.Release|Any CPU.ActiveCfg = Release|Any CPU
		{AE89457E-1702-429C-ACE2-1F3BB9851A5C}.Release|Any CPU.Build.0 = Release|Any CPU
	EndGlobalSection
	GlobalSection(SolutionProperties) = preSolution
		HideSolutionNode = FALSE
	EndGlobalSection
	GlobalSection(ExtensibilityGlobals) = postSolution
		SolutionGuid = {3D758D6F-BA1C-4036-87BD-6704BC797BF1}
	EndGlobalSection
EndGlobal
